
Microsoft Visual Studio Solution File, Format Version 12.00
# Visual Studio Version 17
VisualStudioVersion = 17.9.34526.213
MinimumVisualStudioVersion = 10.0.40219.1
Project("{9A19103F-16F7-4668-BE54-9A1E7A4F7556}") = "Lesson02", "Lesson02\Lesson02.csproj", "{B36B0805-E91E-411E-BE22-A8AA8E427FD4}"
EndProject
Project("{9A19103F-16F7-4668-BE54-9A1E7A4F7556}") = "KeyboardTrainer", "KeyboardTrainer\KeyboardTrainer.csproj", "{89C045D8-0D35-484F-8AEB-1A0CDBA0E49D}"
EndProject
Project("{FAE04EC0-301F-11D3-BF4B-00C04F79EFBC}") = "LoginApp", "LoginApp\LoginApp.csproj", "{A66AE631-076D-4C07-A41D-490D5C618844}"
EndProject
Global
	GlobalSection(SolutionConfigurationPlatforms) = preSolution
		Debug|Any CPU = Debug|Any CPU
		Release|Any CPU = Release|Any CPU
	EndGlobalSection
	GlobalSection(ProjectConfigurationPlatforms) = postSolution
		{B36B0805-E91E-411E-BE22-A8AA8E427FD4}.Debug|Any CPU.ActiveCfg = Debug|Any CPU
		{B36B0805-E91E-411E-BE22-A8AA8E427FD4}.Debug|Any CPU.Build.0 = Debug|Any CPU
		{B36B0805-E91E-411E-BE22-A8AA8E427FD4}.Debug|Any CPU.Deploy.0 = Debug|Any CPU
		{B36B0805-E91E-411E-BE22-A8AA8E427FD4}.Release|Any CPU.ActiveCfg = Release|Any CPU
		{B36B0805-E91E-411E-BE22-A8AA8E427FD4}.Release|Any CPU.Build.0 = Release|Any CPU
		{B36B0805-E91E-411E-BE22-A8AA8E427FD4}.Release|Any CPU.Deploy.0 = Release|Any CPU
		{89C045D8-0D35-484F-8AEB-1A0CDBA0E49D}.Debug|Any CPU.ActiveCfg = Debug|Any CPU
		{89C045D8-0D35-484F-8AEB-1A0CDBA0E49D}.Debug|Any CPU.Build.0 = Debug|Any CPU
		{89C045D8-0D35-484F-8AEB-1A0CDBA0E49D}.Debug|Any CPU.Deploy.0 = Debug|Any CPU
		{89C045D8-0D35-484F-8AEB-1A0CDBA0E49D}.Release|Any CPU.ActiveCfg = Release|Any CPU
		{89C045D8-0D35-484F-8AEB-1A0CDBA0E49D}.Release|Any CPU.Build.0 = Release|Any CPU
		{89C045D8-0D35-484F-8AEB-1A0CDBA0E49D}.Release|Any CPU.Deploy.0 = Release|Any CPU
		{A66AE631-076D-4C07-A41D-490D5C618844}.Debug|Any CPU.ActiveCfg = Debug|Any CPU
		{A66AE631-076D-4C07-A41D-490D5C618844}.Debug|Any CPU.Build.0 = Debug|Any CPU
		{A66AE631-076D-4C07-A41D-490D5C618844}.Debug|Any CPU.Deploy.0 = Debug|Any CPU
		{A66AE631-076D-4C07-A41D-490D5C618844}.Release|Any CPU.ActiveCfg = Release|Any CPU
		{A66AE631-076D-4C07-A41D-490D5C618844}.Release|Any CPU.Build.0 = Release|Any CPU
		{A66AE631-076D-4C07-A41D-490D5C618844}.Release|Any CPU.Deploy.0 = Release|Any CPU
	EndGlobalSection
	GlobalSection(SolutionProperties) = preSolution
		HideSolutionNode = FALSE
	EndGlobalSection
	GlobalSection(ExtensibilityGlobals) = postSolution
		SolutionGuid = {A72B930A-EC4F-4894-A573-0A68E950EE97}
	EndGlobalSection
EndGlobal
